
Microsoft Visual Studio Solution File, Format Version 12.00
# Visual Studio 2013
VisualStudioVersion = 12.0.30501.0
MinimumVisualStudioVersion = 10.0.40219.1
Project("{FAE04EC0-301F-11D3-BF4B-00C04F79EFBC}") = "ReceptionDesk", "ReceptionDesk\ReceptionDesk.csproj", "{6D88584C-5AC1-48E6-BF7E-F38456F97A29}"
EndProject
Project("{2150E333-8FDC-42A3-9474-1A3956D46DE8}") = ".nuget", ".nuget", "{A57F6052-7C59-415A-903C-F3EB9BBF5D0C}"
	ProjectSection(SolutionItems) = preProject
		.nuget\NuGet.Config = .nuget\NuGet.Config
		.nuget\NuGet.exe = .nuget\NuGet.exe
		.nuget\NuGet.targets = .nuget\NuGet.targets
	EndProjectSection
EndProject
Project("{FAE04EC0-301F-11D3-BF4B-00C04F79EFBC}") = "ReceptionDeskTest", "ReceptionDeskTest\ReceptionDeskTest.csproj", "{40599969-09A2-41B5-9C51-B4D71759627B}"
EndProject
Global
	GlobalSection(SolutionConfigurationPlatforms) = preSolution
		Debug|Any CPU = Debug|Any CPU
		Release|Any CPU = Release|Any CPU
	EndGlobalSection
	GlobalSection(ProjectConfigurationPlatforms) = postSolution
		{6D88584C-5AC1-48E6-BF7E-F38456F97A29}.Debug|Any CPU.ActiveCfg = Debug|Any CPU
		{6D88584C-5AC1-48E6-BF7E-F38456F97A29}.Debug|Any CPU.Build.0 = Debug|Any CPU
		{6D88584C-5AC1-48E6-BF7E-F38456F97A29}.Release|Any CPU.ActiveCfg = Release|Any CPU
		{6D88584C-5AC1-48E6-BF7E-F38456F97A29}.Release|Any CPU.Build.0 = Release|Any CPU
		{40599969-09A2-41B5-9C51-B4D71759627B}.Debug|Any CPU.ActiveCfg = Debug|Any CPU
		{40599969-09A2-41B5-9C51-B4D71759627B}.Debug|Any CPU.Build.0 = Debug|Any CPU
		{40599969-09A2-41B5-9C51-B4D71759627B}.Release|Any CPU.ActiveCfg = Release|Any CPU
		{40599969-09A2-41B5-9C51-B4D71759627B}.Release|Any CPU.Build.0 = Release|Any CPU
	EndGlobalSection
	GlobalSection(SolutionProperties) = preSolution
		HideSolutionNode = FALSE
	EndGlobalSection
EndGlobal
